
Microsoft Visual Studio Solution File, Format Version 12.00
# Visual Studio 15
VisualStudioVersion = 15.0.27703.2047
MinimumVisualStudioVersion = 10.0.40219.1
Project("{FAE04EC0-301F-11D3-BF4B-00C04F79EFBC}") = "Vazoo1123.Android", "Vazoo1123\Vazoo1123.Android\Vazoo1123.Android.csproj", "{A665EE23-FBCE-4B77-87D8-889762D2067A}"
EndProject
Project("{FAE04EC0-301F-11D3-BF4B-00C04F79EFBC}") = "Vazoo1123.iOS", "Vazoo1123\Vazoo1123.iOS\Vazoo1123.iOS.csproj", "{66B33D2E-9C91-4C68-9966-E512ED2DFCC2}"
EndProject
Project("{9A19103F-16F7-4668-BE54-9A1E7A4F7556}") = "Vazoo1123", "Vazoo1123\Vazoo1123\Vazoo1123.csproj", "{0576B417-1964-46F9-AB1B-784B68F6696B}"
EndProject
Global
	GlobalSection(SolutionConfigurationPlatforms) = preSolution
		Ad-Hoc|Any CPU = Ad-Hoc|Any CPU
		Ad-Hoc|ARM = Ad-Hoc|ARM
		Ad-Hoc|iPhone = Ad-Hoc|iPhone
		Ad-Hoc|iPhoneSimulator = Ad-Hoc|iPhoneSimulator
		Ad-Hoc|x64 = Ad-Hoc|x64
		Ad-Hoc|x86 = Ad-Hoc|x86
		AppStore|Any CPU = AppStore|Any CPU
		AppStore|ARM = AppStore|ARM
		AppStore|iPhone = AppStore|iPhone
		AppStore|iPhoneSimulator = AppStore|iPhoneSimulator
		AppStore|x64 = AppStore|x64
		AppStore|x86 = AppStore|x86
		Debug|Any CPU = Debug|Any CPU
		Debug|ARM = Debug|ARM
		Debug|iPhone = Debug|iPhone
		Debug|iPhoneSimulator = Debug|iPhoneSimulator
		Debug|x64 = Debug|x64
		Debug|x86 = Debug|x86
		Release|Any CPU = Release|Any CPU
		Release|ARM = Release|ARM
		Release|iPhone = Release|iPhone
		Release|iPhoneSimulator = Release|iPhoneSimulator
		Release|x64 = Release|x64
		Release|x86 = Release|x86
	EndGlobalSection
	GlobalSection(ProjectConfigurationPlatforms) = postSolution
		{A665EE23-FBCE-4B77-87D8-889762D2067A}.Ad-Hoc|Any CPU.ActiveCfg = Release|Any CPU
		{A665EE23-FBCE-4B77-87D8-889762D2067A}.Ad-Hoc|Any CPU.Build.0 = Release|Any CPU
		{A665EE23-FBCE-4B77-87D8-889762D2067A}.Ad-Hoc|Any CPU.Deploy.0 = Release|Any CPU
		{A665EE23-FBCE-4B77-87D8-889762D2067A}.Ad-Hoc|ARM.ActiveCfg = Release|Any CPU
		{A665EE23-FBCE-4B77-87D8-889762D2067A}.Ad-Hoc|ARM.Build.0 = Release|Any CPU
		{A665EE23-FBCE-4B77-87D8-889762D2067A}.Ad-Hoc|ARM.Deploy.0 = Release|Any CPU
		{A665EE23-FBCE-4B77-87D8-889762D2067A}.Ad-Hoc|iPhone.ActiveCfg = Release|Any CPU
		{A665EE23-FBCE-4B77-87D8-889762D2067A}.Ad-Hoc|iPhone.Build.0 = Release|Any CPU
		{A665EE23-FBCE-4B77-87D8-889762D2067A}.Ad-Hoc|iPhone.Deploy.0 = Release|Any CPU
		{A665EE23-FBCE-4B77-87D8-889762D2067A}.Ad-Hoc|iPhoneSimulator.ActiveCfg = Release|Any CPU
		{A665EE23-FBCE-4B77-87D8-889762D2067A}.Ad-Hoc|iPhoneSimulator.Build.0 = Release|Any CPU
		{A665EE23-FBCE-4B77-87D8-889762D2067A}.Ad-Hoc|iPhoneSimulator.Deploy.0 = Release|Any CPU
		{A665EE23-FBCE-4B77-87D8-889762D2067A}.Ad-Hoc|x64.ActiveCfg = Release|Any CPU
		{A665EE23-FBCE-4B77-87D8-889762D2067A}.Ad-Hoc|x64.Build.0 = Release|Any CPU
		{A665EE23-FBCE-4B77-87D8-889762D2067A}.Ad-Hoc|x64.Deploy.0 = Release|Any CPU
		{A665EE23-FBCE-4B77-87D8-889762D2067A}.Ad-Hoc|x86.ActiveCfg = Release|Any CPU
		{A665EE23-FBCE-4B77-87D8-889762D2067A}.Ad-Hoc|x86.Build.0 = Release|Any CPU
		{A665EE23-FBCE-4B77-87D8-889762D2067A}.Ad-Hoc|x86.Deploy.0 = Release|Any CPU
		{A665EE23-FBCE-4B77-87D8-889762D2067A}.AppStore|Any CPU.ActiveCfg = Release|Any CPU
		{A665EE23-FBCE-4B77-87D8-889762D2067A}.AppStore|Any CPU.Build.0 = Release|Any CPU
		{A665EE23-FBCE-4B77-87D8-889762D2067A}.AppStore|Any CPU.Deploy.0 = Release|Any CPU
		{A665EE23-FBCE-4B77-87D8-889762D2067A}.AppStore|ARM.ActiveCfg = Release|Any CPU
		{A665EE23-FBCE-4B77-87D8-889762D2067A}.AppStore|ARM.Build.0 = Release|Any CPU
		{A665EE23-FBCE-4B77-87D8-889762D2067A}.AppStore|ARM.Deploy.0 = Release|Any CPU
		{A665EE23-FBCE-4B77-87D8-889762D2067A}.AppStore|iPhone.ActiveCfg = Release|Any CPU
		{A665EE23-FBCE-4B77-87D8-889762D2067A}.AppStore|iPhone.Build.0 = Release|Any CPU
		{A665EE23-FBCE-4B77-87D8-889762D2067A}.AppStore|iPhone.Deploy.0 = Release|Any CPU
		{A665EE23-FBCE-4B77-87D8-889762D2067A}.AppStore|iPhoneSimulator.ActiveCfg = Release|Any CPU
		{A665EE23-FBCE-4B77-87D8-889762D2067A}.AppStore|iPhoneSimulator.Build.0 = Release|Any CPU
		{A665EE23-FBCE-4B77-87D8-889762D2067A}.AppStore|iPhoneSimulator.Deploy.0 = Release|Any CPU
		{A665EE23-FBCE-4B77-87D8-889762D2067A}.AppStore|x64.ActiveCfg = Release|Any CPU
		{A665EE23-FBCE-4B77-87D8-889762D2067A}.AppStore|x64.Build.0 = Release|Any CPU
		{A665EE23-FBCE-4B77-87D8-889762D2067A}.AppStore|x64.Deploy.0 = Release|Any CPU
		{A665EE23-FBCE-4B77-87D8-889762D2067A}.AppStore|x86.ActiveCfg = Release|Any CPU
		{A665EE23-FBCE-4B77-87D8-889762D2067A}.AppStore|x86.Build.0 = Release|Any CPU
		{A665EE23-FBCE-4B77-87D8-889762D2067A}.AppStore|x86.Deploy.0 = Release|Any CPU
		{A665EE23-FBCE-4B77-87D8-889762D2067A}.Debug|Any CPU.ActiveCfg = Debug|Any CPU
		{A665EE23-FBCE-4B77-87D8-889762D2067A}.Debug|Any CPU.Build.0 = Debug|Any CPU
		{A665EE23-FBCE-4B77-87D8-889762D2067A}.Debug|Any CPU.Deploy.0 = Debug|Any CPU
		{A665EE23-FBCE-4B77-87D8-889762D2067A}.Debug|ARM.ActiveCfg = Debug|Any CPU
		{A665EE23-FBCE-4B77-87D8-889762D2067A}.Debug|ARM.Build.0 = Debug|Any CPU
		{A665EE23-FBCE-4B77-87D8-889762D2067A}.Debug|ARM.Deploy.0 = Debug|Any CPU
		{A665EE23-FBCE-4B77-87D8-889762D2067A}.Debug|iPhone.ActiveCfg = Debug|Any CPU
		{A665EE23-FBCE-4B77-87D8-889762D2067A}.Debug|iPhone.Build.0 = Debug|Any CPU
		{A665EE23-FBCE-4B77-87D8-889762D2067A}.Debug|iPhone.Deploy.0 = Debug|Any CPU
		{A665EE23-FBCE-4B77-87D8-889762D2067A}.Debug|iPhoneSimulator.ActiveCfg = Debug|Any CPU
		{A665EE23-FBCE-4B77-87D8-889762D2067A}.Debug|iPhoneSimulator.Build.0 = Debug|Any CPU
		{A665EE23-FBCE-4B77-87D8-889762D2067A}.Debug|iPhoneSimulator.Deploy.0 = Debug|Any CPU
		{A665EE23-FBCE-4B77-87D8-889762D2067A}.Debug|x64.ActiveCfg = Debug|Any CPU
		{A665EE23-FBCE-4B77-87D8-889762D2067A}.Debug|x64.Build.0 = Debug|Any CPU
		{A665EE23-FBCE-4B77-87D8-889762D2067A}.Debug|x64.Deploy.0 = Debug|Any CPU
		{A665EE23-FBCE-4B77-87D8-889762D2067A}.Debug|x86.ActiveCfg = Debug|Any CPU
		{A665EE23-FBCE-4B77-87D8-889762D2067A}.Debug|x86.Build.0 = Debug|Any CPU
		{A665EE23-FBCE-4B77-87D8-889762D2067A}.Debug|x86.Deploy.0 = Debug|Any CPU
		{A665EE23-FBCE-4B77-87D8-889762D2067A}.Release|Any CPU.ActiveCfg = Release|Any CPU
		{A665EE23-FBCE-4B77-87D8-889762D2067A}.Release|Any CPU.Build.0 = Release|Any CPU
		{A665EE23-FBCE-4B77-87D8-889762D2067A}.Release|Any CPU.Deploy.0 = Release|Any CPU
		{A665EE23-FBCE-4B77-87D8-889762D2067A}.Release|ARM.ActiveCfg = Release|Any CPU
		{A665EE23-FBCE-4B77-87D8-889762D2067A}.Release|ARM.Build.0 = Release|Any CPU
		{A665EE23-FBCE-4B77-87D8-889762D2067A}.Release|ARM.Deploy.0 = Release|Any CPU
		{A665EE23-FBCE-4B77-87D8-889762D2067A}.Release|iPhone.ActiveCfg = Release|Any CPU
		{A665EE23-FBCE-4B77-87D8-889762D2067A}.Release|iPhone.Build.0 = Release|Any CPU
		{A665EE23-FBCE-4B77-87D8-889762D2067A}.Release|iPhone.Deploy.0 = Release|Any CPU
		{A665EE23-FBCE-4B77-87D8-889762D2067A}.Release|iPhoneSimulator.ActiveCfg = Release|Any CPU
		{A665EE23-FBCE-4B77-87D8-889762D2067A}.Release|iPhoneSimulator.Build.0 = Release|Any CPU
		{A665EE23-FBCE-4B77-87D8-889762D2067A}.Release|iPhoneSimulator.Deploy.0 = Release|Any CPU
		{A665EE23-FBCE-4B77-87D8-889762D2067A}.Release|x64.ActiveCfg = Release|Any CPU
		{A665EE23-FBCE-4B77-87D8-889762D2067A}.Release|x64.Build.0 = Release|Any CPU
		{A665EE23-FBCE-4B77-87D8-889762D2067A}.Release|x64.Deploy.0 = Release|Any CPU
		{A665EE23-FBCE-4B77-87D8-889762D2067A}.Release|x86.ActiveCfg = Release|Any CPU
		{A665EE23-FBCE-4B77-87D8-889762D2067A}.Release|x86.Build.0 = Release|Any CPU
		{A665EE23-FBCE-4B77-87D8-889762D2067A}.Release|x86.Deploy.0 = Release|Any CPU
		{66B33D2E-9C91-4C68-9966-E512ED2DFCC2}.Ad-Hoc|Any CPU.ActiveCfg = Ad-Hoc|iPhone
		{66B33D2E-9C91-4C68-9966-E512ED2DFCC2}.Ad-Hoc|Any CPU.Build.0 = Ad-Hoc|iPhone
		{66B33D2E-9C91-4C68-9966-E512ED2DFCC2}.Ad-Hoc|Any CPU.Deploy.0 = Ad-Hoc|iPhone
		{66B33D2E-9C91-4C68-9966-E512ED2DFCC2}.Ad-Hoc|ARM.ActiveCfg = Ad-Hoc|iPhone
		{66B33D2E-9C91-4C68-9966-E512ED2DFCC2}.Ad-Hoc|ARM.Build.0 = Ad-Hoc|iPhone
		{66B33D2E-9C91-4C68-9966-E512ED2DFCC2}.Ad-Hoc|ARM.Deploy.0 = Ad-Hoc|iPhone
		{66B33D2E-9C91-4C68-9966-E512ED2DFCC2}.Ad-Hoc|iPhone.ActiveCfg = Ad-Hoc|iPhone
		{66B33D2E-9C91-4C68-9966-E512ED2DFCC2}.Ad-Hoc|iPhone.Build.0 = Ad-Hoc|iPhone
		{66B33D2E-9C91-4C68-9966-E512ED2DFCC2}.Ad-Hoc|iPhone.Deploy.0 = Ad-Hoc|iPhone
		{66B33D2E-9C91-4C68-9966-E512ED2DFCC2}.Ad-Hoc|iPhoneSimulator.ActiveCfg = Ad-Hoc|iPhoneSimulator
		{66B33D2E-9C91-4C68-9966-E512ED2DFCC2}.Ad-Hoc|iPhoneSimulator.Build.0 = Ad-Hoc|iPhoneSimulator
		{66B33D2E-9C91-4C68-9966-E512ED2DFCC2}.Ad-Hoc|iPhoneSimulator.Deploy.0 = Ad-Hoc|iPhoneSimulator
		{66B33D2E-9C91-4C68-9966-E512ED2DFCC2}.Ad-Hoc|x64.ActiveCfg = Ad-Hoc|iPhone
		{66B33D2E-9C91-4C68-9966-E512ED2DFCC2}.Ad-Hoc|x64.Build.0 = Ad-Hoc|iPhone
		{66B33D2E-9C91-4C68-9966-E512ED2DFCC2}.Ad-Hoc|x64.Deploy.0 = Ad-Hoc|iPhone
		{66B33D2E-9C91-4C68-9966-E512ED2DFCC2}.Ad-Hoc|x86.ActiveCfg = Ad-Hoc|iPhone
		{66B33D2E-9C91-4C68-9966-E512ED2DFCC2}.Ad-Hoc|x86.Build.0 = Ad-Hoc|iPhone
		{66B33D2E-9C91-4C68-9966-E512ED2DFCC2}.Ad-Hoc|x86.Deploy.0 = Ad-Hoc|iPhone
		{66B33D2E-9C91-4C68-9966-E512ED2DFCC2}.AppStore|Any CPU.ActiveCfg = AppStore|iPhone
		{66B33D2E-9C91-4C68-9966-E512ED2DFCC2}.AppStore|Any CPU.Build.0 = AppStore|iPhone
		{66B33D2E-9C91-4C68-9966-E512ED2DFCC2}.AppStore|Any CPU.Deploy.0 = AppStore|iPhone
		{66B33D2E-9C91-4C68-9966-E512ED2DFCC2}.AppStore|ARM.ActiveCfg = AppStore|iPhone
		{66B33D2E-9C91-4C68-9966-E512ED2DFCC2}.AppStore|ARM.Build.0 = AppStore|iPhone
		{66B33D2E-9C91-4C68-9966-E512ED2DFCC2}.AppStore|ARM.Deploy.0 = AppStore|iPhone
		{66B33D2E-9C91-4C68-9966-E512ED2DFCC2}.AppStore|iPhone.ActiveCfg = AppStore|iPhone
		{66B33D2E-9C91-4C68-9966-E512ED2DFCC2}.AppStore|iPhone.Build.0 = AppStore|iPhone
		{66B33D2E-9C91-4C68-9966-E512ED2DFCC2}.AppStore|iPhone.Deploy.0 = AppStore|iPhone
		{66B33D2E-9C91-4C68-9966-E512ED2DFCC2}.AppStore|iPhoneSimulator.ActiveCfg = AppStore|iPhoneSimulator
		{66B33D2E-9C91-4C68-9966-E512ED2DFCC2}.AppStore|iPhoneSimulator.Build.0 = AppStore|iPhoneSimulator
		{66B33D2E-9C91-4C68-9966-E512ED2DFCC2}.AppStore|iPhoneSimulator.Deploy.0 = AppStore|iPhoneSimulator
		{66B33D2E-9C91-4C68-9966-E512ED2DFCC2}.AppStore|x64.ActiveCfg = AppStore|iPhone
		{66B33D2E-9C91-4C68-9966-E512ED2DFCC2}.AppStore|x64.Build.0 = AppStore|iPhone
		{66B33D2E-9C91-4C68-9966-E512ED2DFCC2}.AppStore|x64.Deploy.0 = AppStore|iPhone
		{66B33D2E-9C91-4C68-9966-E512ED2DFCC2}.AppStore|x86.ActiveCfg = AppStore|iPhone
		{66B33D2E-9C91-4C68-9966-E512ED2DFCC2}.AppStore|x86.Build.0 = AppStore|iPhone
		{66B33D2E-9C91-4C68-9966-E512ED2DFCC2}.AppStore|x86.Deploy.0 = AppStore|iPhone
		{66B33D2E-9C91-4C68-9966-E512ED2DFCC2}.Debug|Any CPU.ActiveCfg = Debug|iPhoneSimulator
		{66B33D2E-9C91-4C68-9966-E512ED2DFCC2}.Debug|Any CPU.Build.0 = Debug|iPhoneSimulator
		{66B33D2E-9C91-4C68-9966-E512ED2DFCC2}.Debug|Any CPU.Deploy.0 = Debug|iPhoneSimulator
		{66B33D2E-9C91-4C68-9966-E512ED2DFCC2}.Debug|ARM.ActiveCfg = Debug|iPhone
		{66B33D2E-9C91-4C68-9966-E512ED2DFCC2}.Debug|ARM.Build.0 = Debug|iPhone
		{66B33D2E-9C91-4C68-9966-E512ED2DFCC2}.Debug|ARM.Deploy.0 = Debug|iPhone
		{66B33D2E-9C91-4C68-9966-E512ED2DFCC2}.Debug|iPhone.ActiveCfg = Debug|iPhone
		{66B33D2E-9C91-4C68-9966-E512ED2DFCC2}.Debug|iPhone.Build.0 = Debug|iPhone
		{66B33D2E-9C91-4C68-9966-E512ED2DFCC2}.Debug|iPhone.Deploy.0 = Debug|iPhone
		{66B33D2E-9C91-4C68-9966-E512ED2DFCC2}.Debug|iPhoneSimulator.ActiveCfg = Debug|iPhoneSimulator
		{66B33D2E-9C91-4C68-9966-E512ED2DFCC2}.Debug|iPhoneSimulator.Build.0 = Debug|iPhoneSimulator
		{66B33D2E-9C91-4C68-9966-E512ED2DFCC2}.Debug|iPhoneSimulator.Deploy.0 = Debug|iPhoneSimulator
		{66B33D2E-9C91-4C68-9966-E512ED2DFCC2}.Debug|x64.ActiveCfg = Debug|iPhone
		{66B33D2E-9C91-4C68-9966-E512ED2DFCC2}.Debug|x64.Build.0 = Debug|iPhone
		{66B33D2E-9C91-4C68-9966-E512ED2DFCC2}.Debug|x64.Deploy.0 = Debug|iPhone
		{66B33D2E-9C91-4C68-9966-E512ED2DFCC2}.Debug|x86.ActiveCfg = Debug|iPhone
		{66B33D2E-9C91-4C68-9966-E512ED2DFCC2}.Debug|x86.Build.0 = Debug|iPhone
		{66B33D2E-9C91-4C68-9966-E512ED2DFCC2}.Debug|x86.Deploy.0 = Debug|iPhone
		{66B33D2E-9C91-4C68-9966-E512ED2DFCC2}.Release|Any CPU.ActiveCfg = Release|iPhone
		{66B33D2E-9C91-4C68-9966-E512ED2DFCC2}.Release|Any CPU.Build.0 = Release|iPhone
		{66B33D2E-9C91-4C68-9966-E512ED2DFCC2}.Release|Any CPU.Deploy.0 = Release|iPhone
		{66B33D2E-9C91-4C68-9966-E512ED2DFCC2}.Release|ARM.ActiveCfg = Release|iPhone
		{66B33D2E-9C91-4C68-9966-E512ED2DFCC2}.Release|ARM.Build.0 = Release|iPhone
		{66B33D2E-9C91-4C68-9966-E512ED2DFCC2}.Release|ARM.Deploy.0 = Release|iPhone
		{66B33D2E-9C91-4C68-9966-E512ED2DFCC2}.Release|iPhone.ActiveCfg = Release|iPhone
		{66B33D2E-9C91-4C68-9966-E512ED2DFCC2}.Release|iPhone.Build.0 = Release|iPhone
		{66B33D2E-9C91-4C68-9966-E512ED2DFCC2}.Release|iPhone.Deploy.0 = Release|iPhone
		{66B33D2E-9C91-4C68-9966-E512ED2DFCC2}.Release|iPhoneSimulator.ActiveCfg = Release|iPhoneSimulator
		{66B33D2E-9C91-4C68-9966-E512ED2DFCC2}.Release|iPhoneSimulator.Build.0 = Release|iPhoneSimulator
		{66B33D2E-9C91-4C68-9966-E512ED2DFCC2}.Release|iPhoneSimulator.Deploy.0 = Release|iPhoneSimulator
		{66B33D2E-9C91-4C68-9966-E512ED2DFCC2}.Release|x64.ActiveCfg = Release|iPhone
		{66B33D2E-9C91-4C68-9966-E512ED2DFCC2}.Release|x64.Build.0 = Release|iPhone
		{66B33D2E-9C91-4C68-9966-E512ED2DFCC2}.Release|x64.Deploy.0 = Release|iPhone
		{66B33D2E-9C91-4C68-9966-E512ED2DFCC2}.Release|x86.ActiveCfg = Release|iPhone
		{66B33D2E-9C91-4C68-9966-E512ED2DFCC2}.Release|x86.Build.0 = Release|iPhone
		{66B33D2E-9C91-4C68-9966-E512ED2DFCC2}.Release|x86.Deploy.0 = Release|iPhone
		{0576B417-1964-46F9-AB1B-784B68F6696B}.Ad-Hoc|Any CPU.ActiveCfg = Debug|Any CPU
		{0576B417-1964-46F9-AB1B-784B68F6696B}.Ad-Hoc|Any CPU.Build.0 = Debug|Any CPU
		{0576B417-1964-46F9-AB1B-784B68F6696B}.Ad-Hoc|Any CPU.Deploy.0 = Debug|Any CPU
		{0576B417-1964-46F9-AB1B-784B68F6696B}.Ad-Hoc|ARM.ActiveCfg = Debug|Any CPU
		{0576B417-1964-46F9-AB1B-784B68F6696B}.Ad-Hoc|ARM.Build.0 = Debug|Any CPU
		{0576B417-1964-46F9-AB1B-784B68F6696B}.Ad-Hoc|ARM.Deploy.0 = Debug|Any CPU
		{0576B417-1964-46F9-AB1B-784B68F6696B}.Ad-Hoc|iPhone.ActiveCfg = Debug|Any CPU
		{0576B417-1964-46F9-AB1B-784B68F6696B}.Ad-Hoc|iPhone.Build.0 = Debug|Any CPU
		{0576B417-1964-46F9-AB1B-784B68F6696B}.Ad-Hoc|iPhone.Deploy.0 = Debug|Any CPU
		{0576B417-1964-46F9-AB1B-784B68F6696B}.Ad-Hoc|iPhoneSimulator.ActiveCfg = Debug|Any CPU
		{0576B417-1964-46F9-AB1B-784B68F6696B}.Ad-Hoc|iPhoneSimulator.Build.0 = Debug|Any CPU
		{0576B417-1964-46F9-AB1B-784B68F6696B}.Ad-Hoc|iPhoneSimulator.Deploy.0 = Debug|Any CPU
		{0576B417-1964-46F9-AB1B-784B68F6696B}.Ad-Hoc|x64.ActiveCfg = Debug|Any CPU
		{0576B417-1964-46F9-AB1B-784B68F6696B}.Ad-Hoc|x64.Build.0 = Debug|Any CPU
		{0576B417-1964-46F9-AB1B-784B68F6696B}.Ad-Hoc|x64.Deploy.0 = Debug|Any CPU
		{0576B417-1964-46F9-AB1B-784B68F6696B}.Ad-Hoc|x86.ActiveCfg = Debug|Any CPU
		{0576B417-1964-46F9-AB1B-784B68F6696B}.Ad-Hoc|x86.Build.0 = Debug|Any CPU
		{0576B417-1964-46F9-AB1B-784B68F6696B}.Ad-Hoc|x86.Deploy.0 = Debug|Any CPU
		{0576B417-1964-46F9-AB1B-784B68F6696B}.AppStore|Any CPU.ActiveCfg = Debug|Any CPU
		{0576B417-1964-46F9-AB1B-784B68F6696B}.AppStore|Any CPU.Build.0 = Debug|Any CPU
		{0576B417-1964-46F9-AB1B-784B68F6696B}.AppStore|Any CPU.Deploy.0 = Debug|Any CPU
		{0576B417-1964-46F9-AB1B-784B68F6696B}.AppStore|ARM.ActiveCfg = Debug|Any CPU
		{0576B417-1964-46F9-AB1B-784B68F6696B}.AppStore|ARM.Build.0 = Debug|Any CPU
		{0576B417-1964-46F9-AB1B-784B68F6696B}.AppStore|ARM.Deploy.0 = Debug|Any CPU
		{0576B417-1964-46F9-AB1B-784B68F6696B}.AppStore|iPhone.ActiveCfg = Debug|Any CPU
		{0576B417-1964-46F9-AB1B-784B68F6696B}.AppStore|iPhone.Build.0 = Debug|Any CPU
		{0576B417-1964-46F9-AB1B-784B68F6696B}.AppStore|iPhone.Deploy.0 = Debug|Any CPU
		{0576B417-1964-46F9-AB1B-784B68F6696B}.AppStore|iPhoneSimulator.ActiveCfg = Debug|Any CPU
		{0576B417-1964-46F9-AB1B-784B68F6696B}.AppStore|iPhoneSimulator.Build.0 = Debug|Any CPU
		{0576B417-1964-46F9-AB1B-784B68F6696B}.AppStore|iPhoneSimulator.Deploy.0 = Debug|Any CPU
		{0576B417-1964-46F9-AB1B-784B68F6696B}.AppStore|x64.ActiveCfg = Debug|Any CPU
		{0576B417-1964-46F9-AB1B-784B68F6696B}.AppStore|x64.Build.0 = Debug|Any CPU
		{0576B417-1964-46F9-AB1B-784B68F6696B}.AppStore|x64.Deploy.0 = Debug|Any CPU
		{0576B417-1964-46F9-AB1B-784B68F6696B}.AppStore|x86.ActiveCfg = Debug|Any CPU
		{0576B417-1964-46F9-AB1B-784B68F6696B}.AppStore|x86.Build.0 = Debug|Any CPU
		{0576B417-1964-46F9-AB1B-784B68F6696B}.AppStore|x86.Deploy.0 = Debug|Any CPU
		{0576B417-1964-46F9-AB1B-784B68F6696B}.Debug|Any CPU.ActiveCfg = Debug|Any CPU
		{0576B417-1964-46F9-AB1B-784B68F6696B}.Debug|Any CPU.Build.0 = Debug|Any CPU
		{0576B417-1964-46F9-AB1B-784B68F6696B}.Debug|Any CPU.Deploy.0 = Debug|Any CPU
		{0576B417-1964-46F9-AB1B-784B68F6696B}.Debug|ARM.ActiveCfg = Debug|Any CPU
		{0576B417-1964-46F9-AB1B-784B68F6696B}.Debug|ARM.Build.0 = Debug|Any CPU
		{0576B417-1964-46F9-AB1B-784B68F6696B}.Debug|ARM.Deploy.0 = Debug|Any CPU
		{0576B417-1964-46F9-AB1B-784B68F6696B}.Debug|iPhone.ActiveCfg = Debug|Any CPU
		{0576B417-1964-46F9-AB1B-784B68F6696B}.Debug|iPhone.Build.0 = Debug|Any CPU
		{0576B417-1964-46F9-AB1B-784B68F6696B}.Debug|iPhone.Deploy.0 = Debug|Any CPU
		{0576B417-1964-46F9-AB1B-784B68F6696B}.Debug|iPhoneSimulator.ActiveCfg = Debug|Any CPU
		{0576B417-1964-46F9-AB1B-784B68F6696B}.Debug|iPhoneSimulator.Build.0 = Debug|Any CPU
		{0576B417-1964-46F9-AB1B-784B68F6696B}.Debug|iPhoneSimulator.Deploy.0 = Debug|Any CPU
		{0576B417-1964-46F9-AB1B-784B68F6696B}.Debug|x64.ActiveCfg = Debug|Any CPU
		{0576B417-1964-46F9-AB1B-784B68F6696B}.Debug|x64.Build.0 = Debug|Any CPU
		{0576B417-1964-46F9-AB1B-784B68F6696B}.Debug|x64.Deploy.0 = Debug|Any CPU
		{0576B417-1964-46F9-AB1B-784B68F6696B}.Debug|x86.ActiveCfg = Debug|Any CPU
		{0576B417-1964-46F9-AB1B-784B68F6696B}.Debug|x86.Build.0 = Debug|Any CPU
		{0576B417-1964-46F9-AB1B-784B68F6696B}.Debug|x86.Deploy.0 = Debug|Any CPU
		{0576B417-1964-46F9-AB1B-784B68F6696B}.Release|Any CPU.ActiveCfg = Release|Any CPU
		{0576B417-1964-46F9-AB1B-784B68F6696B}.Release|Any CPU.Build.0 = Release|Any CPU
		{0576B417-1964-46F9-AB1B-784B68F6696B}.Release|Any CPU.Deploy.0 = Release|Any CPU
		{0576B417-1964-46F9-AB1B-784B68F6696B}.Release|ARM.ActiveCfg = Release|Any CPU
		{0576B417-1964-46F9-AB1B-784B68F6696B}.Release|ARM.Build.0 = Release|Any CPU
		{0576B417-1964-46F9-AB1B-784B68F6696B}.Release|ARM.Deploy.0 = Release|Any CPU
		{0576B417-1964-46F9-AB1B-784B68F6696B}.Release|iPhone.ActiveCfg = Release|Any CPU
		{0576B417-1964-46F9-AB1B-784B68F6696B}.Release|iPhone.Build.0 = Release|Any CPU
		{0576B417-1964-46F9-AB1B-784B68F6696B}.Release|iPhone.Deploy.0 = Release|Any CPU
		{0576B417-1964-46F9-AB1B-784B68F6696B}.Release|iPhoneSimulator.ActiveCfg = Release|Any CPU
		{0576B417-1964-46F9-AB1B-784B68F6696B}.Release|iPhoneSimulator.Build.0 = Release|Any CPU
		{0576B417-1964-46F9-AB1B-784B68F6696B}.Release|iPhoneSimulator.Deploy.0 = Release|Any CPU
		{0576B417-1964-46F9-AB1B-784B68F6696B}.Release|x64.ActiveCfg = Release|Any CPU
		{0576B417-1964-46F9-AB1B-784B68F6696B}.Release|x64.Build.0 = Release|Any CPU
		{0576B417-1964-46F9-AB1B-784B68F6696B}.Release|x64.Deploy.0 = Release|Any CPU
		{0576B417-1964-46F9-AB1B-784B68F6696B}.Release|x86.ActiveCfg = Release|Any CPU
		{0576B417-1964-46F9-AB1B-784B68F6696B}.Release|x86.Build.0 = Release|Any CPU
		{0576B417-1964-46F9-AB1B-784B68F6696B}.Release|x86.Deploy.0 = Release|Any CPU
	EndGlobalSection
	GlobalSection(SolutionProperties) = preSolution
		HideSolutionNode = FALSE
	EndGlobalSection
	GlobalSection(ExtensibilityGlobals) = postSolution
		SolutionGuid = {509B4AE4-D97B-4BC8-A3AC-0A6F36D0F3B9}
	EndGlobalSection
EndGlobal
